// !$*UTF8*$!
{
	archiveVersion = 1;
	classes = {
	};
	objectVersion = 48;
	objects = {

/* Begin PBXBuildFile section */
		C9B9D419206E70C600C2F4D8 /* AppDelegate.swift in Sources */ = {isa = PBXBuildFile; fileRef = C9B9D418206E70C600C2F4D8 /* AppDelegate.swift */; };
		C9B9D41B206E70C600C2F4D8 /* ViewController.swift in Sources */ = {isa = PBXBuildFile; fileRef = C9B9D41A206E70C600C2F4D8 /* ViewController.swift */; };
		C9B9D41E206E70C600C2F4D8 /* Main.storyboard in Resources */ = {isa = PBXBuildFile; fileRef = C9B9D41C206E70C600C2F4D8 /* Main.storyboard */; };
		C9B9D420206E70C600C2F4D8 /* Assets.xcassets in Resources */ = {isa = PBXBuildFile; fileRef = C9B9D41F206E70C600C2F4D8 /* Assets.xcassets */; };
		C9B9D423206E70C600C2F4D8 /* LaunchScreen.storyboard in Resources */ = {isa = PBXBuildFile; fileRef = C9B9D421206E70C600C2F4D8 /* LaunchScreen.storyboard */; };
/* End PBXBuildFile section */

/* Begin PBXFileReference section */
		C9B9D415206E70C600C2F4D8 /* VerticalPlaneDetectionInARKit.app */ = {isa = PBXFileReference; explicitFileType = wrapper.application; includeInIndex = 0; path = VerticalPlaneDetectionInARKit.app; sourceTree = BUILT_PRODUCTS_DIR; };
		C9B9D418206E70C600C2F4D8 /* AppDelegate.swift */ = {isa = PBXFileReference; lastKnownFileType = sourcecode.swift; path = AppDelegate.swift; sourceTree = "<group>"; };
		C9B9D41A206E70C600C2F4D8 /* ViewController.swift */ = {isa = PBXFileReference; lastKnownFileType = sourcecode.swift; path = ViewController.swift; sourceTree = "<group>"; };
		C9B9D41D206E70C600C2F4D8 /* Base */ = {isa = PBXFileReference; lastKnownFileType = file.storyboard; name = Base; path = Base.lproj/Main.storyboard; sourceTree = "<group>"; };
		C9B9D41F206E70C600C2F4D8 /* Assets.xcassets */ = {isa = PBXFileReference; lastKnownFileType = folder.assetcatalog; path = Assets.xcassets; sourceTree = "<group>"; };
		C9B9D422206E70C600C2F4D8 /* Base */ = {isa = PBXFileReference; lastKnownFileType = file.storyboard; name = Base; path = Base.lproj/LaunchScreen.storyboard; sourceTree = "<group>"; };
		C9B9D424206E70C600C2F4D8 /* Info.plist */ = {isa = PBXFileReference; lastKnownFileType = text.plist.xml; path = Info.plist; sourceTree = "<group>"; };
/* End PBXFileReference section */

/* Begin PBXFrameworksBuildPhase section */
		C9B9D412206E70C600C2F4D8 /* Frameworks */ = {
			isa = PBXFrameworksBuildPhase;
			buildActionMask = 2147483647;
			files = (
			);
			runOnlyForDeploymentPostprocessing = 0;
		};
/* End PBXFrameworksBuildPhase section */

/* Begin PBXGroup section */
		C9B9D40C206E70C600C2F4D8 = {
			isa = PBXGroup;
			children = (
				C9B9D417206E70C600C2F4D8 /* VerticalPlaneDetectionInARKit */,
				C9B9D416206E70C600C2F4D8 /* Products */,
			);
			sourceTree = "<group>";
		};
		C9B9D416206E70C600C2F4D8 /* Products */ = {
			isa = PBXGroup;
			children = (
				C9B9D415206E70C600C2F4D8 /* VerticalPlaneDetectionInARKit.app */,
			);
			name = Products;
			sourceTree = "<group>";
		};
		C9B9D417206E70C600C2F4D8 /* VerticalPlaneDetectionInARKit */ = {
			isa = PBXGroup;
			children = (
				C9B9D418206E70C600C2F4D8 /* AppDelegate.swift */,
				C9B9D41A206E70C600C2F4D8 /* ViewController.swift */,
				C9B9D41C206E70C600C2F4D8 /* Main.storyboard */,
				C9B9D41F206E70C600C2F4D8 /* Assets.xcassets */,
				C9B9D421206E70C600C2F4D8 /* LaunchScreen.storyboard */,
				C9B9D424206E70C600C2F4D8 /* Info.plist */,
			);
			path = VerticalPlaneDetectionInARKit;
			sourceTree = "<group>";
		};
/* End PBXGroup section */

/* Begin PBXNativeTarget section */
		C9B9D414206E70C600C2F4D8 /* VerticalPlaneDetectionInARKit */ = {
			isa = PBXNativeTarget;
			buildConfigurationList = C9B9D427206E70C600C2F4D8 /* Build configuration list for PBXNativeTarget "VerticalPlaneDetectionInARKit" */;
			buildPhases = (
				C9B9D411206E70C600C2F4D8 /* Sources */,
				C9B9D412206E70C600C2F4D8 /* Frameworks */,
				C9B9D413206E70C600C2F4D8 /* Resources */,
			);
			buildRules = (
			);
			dependencies = (
			);
			name = VerticalPlaneDetectionInARKit;
			productName = VerticalPlaneDetectionInARKit;
			productReference = C9B9D415206E70C600C2F4D8 /* VerticalPlaneDetectionInARKit.app */;
			productType = "com.apple.product-type.application";
		};
/* End PBXNativeTarget section */

/* Begin PBXProject section */
		C9B9D40D206E70C600C2F4D8 /* Project object */ = {
			isa = PBXProject;
			attributes = {
				LastSwiftUpdateCheck = 0920;
				LastUpgradeCheck = 0920;
				ORGANIZATIONNAME = "Alex Nagy";
				TargetAttributes = {
					C9B9D414206E70C600C2F4D8 = {
						CreatedOnToolsVersion = 9.2;
						ProvisioningStyle = Automatic;
					};
				};
			};
			buildConfigurationList = C9B9D410206E70C600C2F4D8 /* Build configuration list for PBXProject "VerticalPlaneDetectionInARKit" */;
			compatibilityVersion = "Xcode 8.0";
			developmentRegion = en;
			hasScannedForEncodings = 0;
			knownRegions = (
				en,
				Base,
			);
			mainGroup = C9B9D40C206E70C600C2F4D8;
			productRefGroup = C9B9D416206E70C600C2F4D8 /* Products */;
			projectDirPath = "";
			projectRoot = "";
			targets = (
				C9B9D414206E70C600C2F4D8 /* VerticalPlaneDetectionInARKit */,
			);
		};
/* End PBXProject section */

/* Begin PBXResourcesBuildPhase section */
		C9B9D413206E70C600C2F4D8 /* Resources */ = {
			isa = PBXResourcesBuildPhase;
			buildActionMask = 2147483647;
			files = (
				C9B9D423206E70C600C2F4D8 /* LaunchScreen.storyboard in Resources */,
				C9B9D420206E70C600C2F4D8 /* Assets.xcassets in Resources */,
				C9B9D41E206E70C600C2F4D8 /* Main.storyboard in Resources */,
			);
			runOnlyForDeploymentPostprocessing = 0;
		};
/* End PBXResourcesBuildPhase section */

/* Begin PBXSourcesBuildPhase section */
		C9B9D411206E70C600C2F4D8 /* Sources */ = {
			isa = PBXSourcesBuildPhase;
			buildActionMask = 2147483647;
			files = (
				C9B9D41B206E70C600C2F4D8 /* ViewController.swift in Sources */,
				C9B9D419206E70C600C2F4D8 /* AppDelegate.swift in Sources */,
			);
			runOnlyForDeploymentPostprocessing = 0;
		};
/* End PBXSourcesBuildPhase section */

/* Begin PBXVariantGroup section */
		C9B9D41C206E70C600C2F4D8 /* Main.storyboard */ = {
			isa = PBXVariantGroup;
			children = (
				C9B9D41D206E70C600C2F4D8 /* Base */,
			);
			name = Main.storyboard;
			sourceTree = "<group>";
		};
		C9B9D421206E70C600C2F4D8 /* LaunchScreen.storyboard */ = {
			isa = PBXVariantGroup;
			children = (
				C9B9D422206E70C600C2F4D8 /* Base */,
			);
			name = LaunchScreen.storyboard;
			sourceTree = "<group>";
		};
/* End PBXVariantGroup section */

/* Begin XCBuildConfiguration section */
		C9B9D425206E70C600C2F4D8 /* Debug */ = {
			isa = XCBuildConfiguration;
			buildSettings = {
				ALWAYS_SEARCH_USER_PATHS = NO;
				CLANG_ANALYZER_NONNULL = YES;
				CLANG_ANALYZER_NUMBER_OBJECT_CONVERSION = YES_AGGRESSIVE;
				CLANG_CXX_LANGUAGE_STANDARD = "gnu++14";
				CLANG_CXX_LIBRARY = "libc++";
				CLANG_ENABLE_MODULES = YES;
				CLANG_ENABLE_OBJC_ARC = YES;
				CLANG_WARN_BLOCK_CAPTURE_AUTORELEASING = YES;
				CLANG_WARN_BOOL_CONVERSION = YES;
				CLANG_WARN_COMMA = YES;
				CLANG_WARN_CONSTANT_CONVERSION = YES;
				CLANG_WARN_DIRECT_OBJC_ISA_USAGE = YES_ERROR;
				CLANG_WARN_DOCUMENTATION_COMMENTS = YES;
				CLANG_WARN_EMPTY_BODY = YES;
				CLANG_WARN_ENUM_CONVERSION = YES;
				CLANG_WARN_INFINITE_RECURSION = YES;
				CLANG_WARN_INT_CONVERSION = YES;
				CLANG_WARN_NON_LITERAL_NULL_CONVERSION = YES;
				CLANG_WARN_OBJC_LITERAL_CONVERSION = YES;
				CLANG_WARN_OBJC_ROOT_CLASS = YES_ERROR;
				CLANG_WARN_RANGE_LOOP_ANALYSIS = YES;
				CLANG_WARN_STRICT_PROTOTYPES = YES;
				CLANG_WARN_SUSPICIOUS_MOVE = YES;
				CLANG_WARN_UNGUARDED_AVAILABILITY = YES_AGGRESSIVE;
				CLANG_WARN_UNREACHABLE_CODE = YES;
				CLANG_WARN__DUPLICATE_METHOD_MATCH = YES;
				CODE_SIGN_IDENTITY = "iPhone Developer";
				COPY_PHASE_STRIP = NO;
				DEBUG_INFORMATION_FORMAT = dwarf;
				ENABLE_STRICT_OBJC_MSGSEND = YES;
				ENABLE_TESTABILITY = YES;
				GCC_C_LANGUAGE_STANDARD = gnu11;
				GCC_DYNAMIC_NO_PIC = NO;
				GCC_NO_COMMON_BLOCKS = YES;
				GCC_OPTIMIZATION_LEVEL = 0;
				GCC_PREPROCESSOR_DEFINITIONS = (
					"DEBUG=1",
					"$(inherited)",
				);
				GCC_WARN_64_TO_32_BIT_CONVERSION = YES;
				GCC_WARN_ABOUT_RETURN_TYPE = YES_ERROR;
				GCC_WARN_UNDECLARED_SELECTOR = YES;
				GCC_WARN_UNINITIALIZED_AUTOS = YES_AGGRESSIVE;
				GCC_WARN_UNUSED_FUNCTION = YES;
				GCC_WARN_UNUSED_VARIABLE = YES;
				IPHONEOS_DEPLOYMENT_TARGET = 11.2;
				MTL_ENABLE_DEBUG_INFO = YES;
				ONLY_ACTIVE_ARCH = YES;
				SDKROOT = iphoneos;
				SWIFT_ACTIVE_COMPILATION_CONDITIONS = DEBUG;
				SWIFT_OPTIMIZATION_LEVEL = "-Onone";
			};
			name = Debug;
		};
		C9B9D426206E70C600C2F4D8 /* Release */ = {
			isa = XCBuildConfiguration;
			buildSettings = {
				ALWAYS_SEARCH_USER_PATHS = NO;
				CLANG_ANALYZER_NONNULL = YES;
				CLANG_ANALYZER_NUMBER_OBJECT_CONVERSION = YES_AGGRESSIVE;
				CLANG_CXX_LANGUAGE_STANDARD = "gnu++14";
				CLANG_CXX_LIBRARY = "libc++";
				CLANG_ENABLE_MODULES = YES;
				CLANG_ENABLE_OBJC_ARC = YES;
				CLANG_WARN_BLOCK_CAPTURE_AUTORELEASING = YES;
				CLANG_WARN_BOOL_CONVERSION = YES;
				CLANG_WARN_COMMA = YES;
				CLANG_WARN_CONSTANT_CONVERSION = YES;
				CLANG_WARN_DIRECT_OBJC_ISA_USAGE = YES_ERROR;
				CLANG_WARN_DOCUMENTATION_COMMENTS = YES;
				CLANG_WARN_EMPTY_BODY = YES;
				CLANG_WARN_ENUM_CONVERSION = YES;
				CLANG_WARN_INFINITE_RECURSION = YES;
				CLANG_WARN_INT_CONVERSION = YES;
				CLANG_WARN_NON_LITERAL_NULL_CONVERSION = YES;
				CLANG_WARN_OBJC_LITERAL_CONVERSION = YES;
				CLANG_WARN_OBJC_ROOT_CLASS = YES_ERROR;
				CLANG_WARN_RANGE_LOOP_ANALYSIS = YES;
				CLANG_WARN_STRICT_PROTOTYPES = YES;
				CLANG_WARN_SUSPICIOUS_MOVE = YES;
				CLANG_WARN_UNGUARDED_AVAILABILITY = YES_AGGRESSIVE;
				CLANG_WARN_UNREACHABLE_CODE = YES;
				CLANG_WARN__DUPLICATE_METHOD_MATCH = YES;
				CODE_SIGN_IDENTITY = "iPhone Developer";
				COPY_PHASE_STRIP = NO;
				DEBUG_INFORMATION_FORMAT = "dwarf-with-dsym";
				ENABLE_NS_ASSERTIONS = NO;
				ENABLE_STRICT_OBJC_MSGSEND = YES;
				GCC_C_LANGUAGE_STANDARD = gnu11;
				GCC_NO_COMMON_BLOCKS = YES;
				GCC_WARN_64_TO_32_BIT_CONVERSION = YES;
				GCC_WARN_ABOUT_RETURN_TYPE = YES_ERROR;
				GCC_WARN_UNDECLARED_SELECTOR = YES;
				GCC_WARN_UNINITIALIZED_AUTOS = YES_AGGRESSIVE;
				GCC_WARN_UNUSED_FUNCTION = YES;
				GCC_WARN_UNUSED_VARIABLE = YES;
				IPHONEOS_DEPLOYMENT_TARGET = 11.2;
				MTL_ENABLE_DEBUG_INFO = NO;
				SDKROOT = iphoneos;
				SWIFT_OPTIMIZATION_LEVEL = "-Owholemodule";
				VALIDATE_PRODUCT = YES;
			};
			name = Release;
		};
		C9B9D428206E70C600C2F4D8 /* Debug */ = {
			isa = XCBuildConfiguration;
			buildSettings = {
				ASSETCATALOG_COMPILER_APPICON_NAME = AppIcon;
				CODE_SIGN_STYLE = Automatic;
				DEVELOPMENT_TEAM = R252PR8AVU;
				INFOPLIST_FILE = VerticalPlaneDetectionInARKit/Info.plist;
				LD_RUNPATH_SEARCH_PATHS = "$(inherited) @executable_path/Frameworks";
				PRODUCT_BUNDLE_IDENTIFIER = com.Rebeloper.VerticalPlaneDetectionInARKit;
				PRODUCT_NAME = "$(TARGET_NAME)";
				SWIFT_VERSION = 4.0;
				TARGETED_DEVICE_FAMILY = "1,2";
			};
			name = Debug;
		};
		C9B9D429206E70C600C2F4D8 /* Release */ = {
			isa = XCBuildConfiguration;
			buildSettings = {
				ASSETCATALOG_COMPILER_APPICON_NAME = AppIcon;
				CODE_SIGN_STYLE = Automatic;
				DEVELOPMENT_TEAM = R252PR8AVU;
				INFOPLIST_FILE = VerticalPlaneDetectionInARKit/Info.plist;
				LD_RUNPATH_SEARCH_PATHS = "$(inherited) @executable_path/Frameworks";
				PRODUCT_BUNDLE_IDENTIFIER = com.Rebeloper.VerticalPlaneDetectionInARKit;
				PRODUCT_NAME = "$(TARGET_NAME)";
				SWIFT_VERSION = 4.0;
				TARGETED_DEVICE_FAMILY = "1,2";
			};
			name = Release;
		};
/* End XCBuildConfiguration section */

/* Begin XCConfigurationList section */
		C9B9D410206E70C600C2F4D8 /* Build configuration list for PBXProject "VerticalPlaneDetectionInARKit" */ = {
			isa = XCConfigurationList;
			buildConfigurations = (
				C9B9D425206E70C600C2F4D8 /* Debug */,
				C9B9D426206E70C600C2F4D8 /* Release */,
			);
			defaultConfigurationIsVisible = 0;
			defaultConfigurationName = Release;
		};
		C9B9D427206E70C600C2F4D8 /* Build configuration list for PBXNativeTarget "VerticalPlaneDetectionInARKit" */ = {
			isa = XCConfigurationList;
			buildConfigurations = (
				C9B9D428206E70C600C2F4D8 /* Debug */,
				C9B9D429206E70C600C2F4D8 /* Release */,
			);
			defaultConfigurationIsVisible = 0;
			defaultConfigurationName = Release;
		};
/* End XCConfigurationList section */
	};
	rootObject = C9B9D40D206E70C600C2F4D8 /* Project object */;
}
